{
  "name": "people-attributes",
  "version": "1.0.0",
  "lockfileVersion": 3,
  "requires": true,
  "packages": {
    "": {
      "name": "people-attributes",
      "version": "1.0.0",
      "license": "ISC",
      "dependencies": {
        "@vladmandic/human": "^3.3.6"
      }
    },
    "node_modules/@vladmandic/human": {
      "version": "3.3.6",
      "resolved": "https://registry.npmjs.org/@vladmandic/human/-/human-3.3.6.tgz",
      "integrity": "sha512-Nr5mPfq1gQ+uKeXY5uM3Fj8UxvF5CEh2s6txM5wRThqaW0mF9huooOuZSrT8hhGho0hGaXLFdAwfD/2+teCv6A==",
      "license": "MIT",
      "engines": {
        "node": ">=14.0.0"
      }
    }
  }
}
